
Microsoft Visual Studio Solution File, Format Version 12.00
# Visual Studio 15
VisualStudioVersion = 15.0.26228.9
MinimumVisualStudioVersion = 10.0.40219.1
Project("{FAE04EC0-301F-11D3-BF4B-00C04F79EFBC}") = "Universal Content Builder", "Universal Content Builder\Universal Content Builder.csproj", "{EE057806-FAE2-4F37-B85B-A5DE693E6E79}"
EndProject
Global
	GlobalSection(SolutionConfigurationPlatforms) = preSolution
		Release|MonoGame 3.5.1 = Release|MonoGame 3.5.1
		Release|MonoGame 3.6 = Release|MonoGame 3.6
	EndGlobalSection
	GlobalSection(ProjectConfigurationPlatforms) = postSolution
		{EE057806-FAE2-4F37-B85B-A5DE693E6E79}.Release|MonoGame 3.5.1.ActiveCfg = MonoGame|3.5.1
		{EE057806-FAE2-4F37-B85B-A5DE693E6E79}.Release|MonoGame 3.5.1.Build.0 = MonoGame|3.5.1
		{EE057806-FAE2-4F37-B85B-A5DE693E6E79}.Release|MonoGame 3.6.ActiveCfg = MonoGame|3.6
		{EE057806-FAE2-4F37-B85B-A5DE693E6E79}.Release|MonoGame 3.6.Build.0 = MonoGame|3.6
	EndGlobalSection
	GlobalSection(SolutionProperties) = preSolution
		HideSolutionNode = FALSE
	EndGlobalSection
EndGlobal
